{
    "_readme": [
        "This file locks the dependencies of your project to a known state",
        "Read more about it at http://getcomposer.org/doc/01-basic-usage.md#composer-lock-the-lock-file",
        "This file is @generated automatically"
    ],
    "hash": "8159828405eef31398e0664889484c64",
    "packages": [
        {
            "name": "cakephp/cakephp",
            "version": "2.5.5",
            "source": {
                "type": "git",
                "url": "https://github.com/cakephp/cakephp.git",
                "reference": "ce98a1ff5738af6db0f42a3647aaaaa5c3773d24"
            },
            "dist": {
                "type": "zip",
                "url": "https://api.github.com/repos/cakephp/cakephp/zipball/ce98a1ff5738af6db0f42a3647aaaaa5c3773d24",
                "reference": "ce98a1ff5738af6db0f42a3647aaaaa5c3773d24",
                "shasum": ""
            },
            "require": {
                "ext-mcrypt": "*",
                "php": ">=5.2.8"
            },
            "require-dev": {
                "cakephp/debug_kit": "2.2.*",
                "phpunit/phpunit": "3.7.*"
            },
            "bin": [
                "lib/Cake/Console/cake"
            ],
            "type": "library",
            "notification-url": "https://packagist.org/downloads/",
            "license": [
                "MIT"
            ],
            "authors": [
                {
                    "name": "CakePHP Community",
                    "homepage": "https://github.com/cakephp/cakephp/graphs/contributors"
                }
            ],
            "description": "The CakePHP framework",
            "homepage": "http://cakephp.org",
            "keywords": [
                "framework"
            ],
            "time": "2014-10-05 02:59:03"
        },
        {
            "name": "composer/installers",
            "version": "v1.0.18",
            "source": {
                "type": "git",
                "url": "https://github.com/composer/installers.git",
                "reference": "74fb0a7a1a23696d9c8cc2fba5903f6711cdd067"
            },
            "dist": {
                "type": "zip",
                "url": "https://api.github.com/repos/composer/installers/zipball/74fb0a7a1a23696d9c8cc2fba5903f6711cdd067",
                "reference": "74fb0a7a1a23696d9c8cc2fba5903f6711cdd067",
                "shasum": ""
            },
            "replace": {
                "roundcube/plugin-installer": "*",
                "shama/baton": "*"
            },
            "require-dev": {
                "composer/composer": "1.0.*@dev",
                "phpunit/phpunit": "4.1.*"
            },
            "type": "composer-installer",
            "extra": {
                "class": "Composer\\Installers\\Installer",
                "branch-alias": {
                    "dev-master": "1.0-dev"
                }
            },
            "autoload": {
                "psr-0": {
                    "Composer\\Installers\\": "src/"
                }
            },
            "notification-url": "https://packagist.org/downloads/",
            "license": [
                "MIT"
            ],
            "authors": [
                {
                    "name": "Kyle Robinson Young",
                    "email": "kyle@dontkry.com",
                    "homepage": "https://github.com/shama"
                }
            ],
            "description": "A multi-framework Composer library installer",
            "homepage": "http://composer.github.com/installers/",
            "keywords": [
                "Craft",
                "Dolibarr",
                "Hurad",
                "MODX Evo",
                "OXID",
                "WolfCMS",
                "agl",
                "annotatecms",
                "bitrix",
                "cakephp",
                "chef",
                "codeigniter",
                "concrete5",
                "croogo",
                "drupal",
                "elgg",
                "fuelphp",
                "installer",
                "joomla",
                "kohana",
                "laravel",
                "lithium",
                "magento",
                "mako",
                "mediawiki",
                "modulework",
                "moodle",
                "phpbb",
                "piwik",
                "ppi",
                "puppet",
                "roundcube",
                "shopware",
                "silverstripe",
                "symfony",
                "typo3",
                "wordpress",
                "zend",
                "zikula"
            ],
            "time": "2014-08-18 20:00:12"
        },
        {
            "name": "facebook/php-sdk",
            "version": "dev-master",
            "source": {
                "type": "git",
                "url": "https://github.com/facebook/facebook-php-sdk.git",
                "reference": "3388ec541761b93651614b48766608c22daad981"
            },
            "dist": {
                "type": "zip",
                "url": "https://api.github.com/repos/facebook/facebook-php-sdk/zipball/3388ec541761b93651614b48766608c22daad981",
                "reference": "3388ec541761b93651614b48766608c22daad981",
                "shasum": ""
            },
            "require": {
                "ext-curl": "*",
                "ext-json": "*",
                "php": ">=5.2.0"
            },
            "require-dev": {
                "phpunit/phpunit": "3.7.*"
            },
            "type": "library",
            "autoload": {
                "classmap": [
                    "src"
                ]
            },
            "notification-url": "https://packagist.org/downloads/",
            "license": [
                "Apache2"
            ],
            "authors": [
                {
                    "name": "Facebook",
                    "homepage": "https://github.com/facebook/facebook-php-sdk/contributors"
                }
            ],
            "description": "Facebook PHP SDK",
            "homepage": "https://github.com/facebook/facebook-php-sdk",
            "keywords": [
                "facebook",
                "sdk"
            ],
            "time": "2014-06-19 19:18:38"
        },
        {
            "name": "josegonzalez/cakephp-upload",
            "version": "1.0.0",
            "source": {
                "type": "git",
                "url": "https://github.com/josegonzalez/cakephp-upload.git",
                "reference": "fa5d74beb785aba78f1472c7af40c35dedeb24e9"
            },
            "dist": {
                "type": "zip",
                "url": "https://api.github.com/repos/josegonzalez/cakephp-upload/zipball/fa5d74beb785aba78f1472c7af40c35dedeb24e9",
                "reference": "fa5d74beb785aba78f1472c7af40c35dedeb24e9",
                "shasum": ""
            },
            "require": {
                "composer/installers": "*"
            },
            "type": "cakephp-plugin",
            "extra": {
                "installer-name": "Upload"
            },
            "notification-url": "https://packagist.org/downloads/",
            "license": [
                "MIT"
            ],
            "authors": [
                {
                    "name": "Marc Wuerth",
                    "email": "ravage@bluewin.ch",
                    "homepage": "https://github.com/ravage84",
                    "role": "Developer"
                },
                {
                    "name": "Jose Diaz-Gonzalez",
                    "email": "dotenv@josegonzalez.com",
                    "homepage": "http://josediazgonzalez.com",
                    "role": "Maintainer"
                },
                {
                    "name": "Joshua Paling",
                    "homepage": "https://github.com/joshuapaling",
                    "role": "Contributor"
                },
                {
                    "name": "sdoney",
                    "homepage": "https://github.com/sdoney",
                    "role": "Contributor"
                },
                {
                    "name": "Giuliano B",
                    "homepage": "https://github.com/giulianob",
                    "role": "Contributor"
                },
                {
                    "name": "Justin Slamka",
                    "homepage": "https://github.com/slamkajs",
                    "role": "Contributor"
                },
                {
                    "name": "Nathan Tyler",
                    "homepage": "https://github.com/tylerdigital",
                    "role": "Contributor"
                },
                {
                    "name": "Mirko Chialastri",
                    "homepage": "https://github.com/hiryu85",
                    "role": "Contributor"
                },
                {
                    "name": "Benjamin Allison",
                    "homepage": "https://github.com/benjaminallison",
                    "role": "Contributor"
                },
                {
                    "name": "Ariel Patschiki",
                    "homepage": "https://github.com/arielpts",
                    "role": "Contributor"
                },
                {
                    "name": "lucfranken",
                    "homepage": "https://github.com/lucfranken",
                    "role": "Contributor"
                },
                {
                    "name": "cpierce",
                    "homepage": "https://github.com/cpierce",
                    "role": "Contributor"
                },
                {
                    "name": "Barry Chapman",
                    "homepage": "https://github.com/barrychapman",
                    "role": "Contributor"
                },
                {
                    "name": "Thomas Edvalson",
                    "homepage": "https://github.com/Cruel",
                    "role": "Contributor"
                },
                {
                    "name": "Alejandro Ibarra",
                    "homepage": "https://github.com/ajibarra",
                    "role": "Contributor"
                },
                {
                    "name": "simkimsia",
                    "homepage": "https://github.com/simkimsia",
                    "role": "Contributor"
                },
                {
                    "name": "Callum Macdonald",
                    "homepage": "https://github.com/chmac",
                    "role": "Contributor"
                },
                {
                    "name": "David Kullmann",
                    "homepage": "https://github.com/dkullmann",
                    "role": "Contributor"
                },
                {
                    "name": "Juan Basso",
                    "homepage": "https://github.com/jrbasso",
                    "role": "Contributor"
                },
                {
                    "name": "Cauan Cabral",
                    "homepage": "https://github.com/CauanCabral",
                    "role": "Contributor"
                },
                {
                    "name": "Bryan Crowe",
                    "homepage": "https://github.com/bcrowe",
                    "role": "Contributor"
                },
                {
                    "name": "Simon Brown",
                    "homepage": "https://github.com/Simes",
                    "role": "Contributor"
                },
                {
                    "name": "wilsolutions",
                    "homepage": "https://github.com/wilsolutions",
                    "role": "Contributor"
                },
                {
                    "name": "Graham Watson",
                    "homepage": "https://github.com/PhantomWatson",
                    "role": "Contributor"
                },
                {
                    "name": "ceallred",
                    "homepage": "https://github.com/ceallred",
                    "role": "Contributor"
                }
            ],
            "description": "CakePHP plugin to handle file uploading sans ridiculous automagic",
            "homepage": "http://github.com/josegonzalez/upload",
            "keywords": [
                "Behavior",
                "cakephp",
                "files",
                "upload"
            ],
            "time": "2013-09-20 09:33:52"
        },
        {
            "name": "twilio/sdk",
            "version": "dev-master",
            "source": {
                "type": "git",
                "url": "https://github.com/twilio/twilio-php.git",
                "reference": "a876df2cd5bc873beb450a56e6e410680a5b4e4c"
            },
            "dist": {
                "type": "zip",
                "url": "https://api.github.com/repos/twilio/twilio-php/zipball/a876df2cd5bc873beb450a56e6e410680a5b4e4c",
                "reference": "a876df2cd5bc873beb450a56e6e410680a5b4e4c",
                "shasum": ""
            },
            "require": {
                "php": ">=5.2.1"
            },
            "require-dev": {
                "mockery/mockery": ">=0.7.2",
                "phpunit/phpunit": "3.7.*"
            },
            "type": "library",
            "autoload": {
                "psr-0": {
                    "Services_Twilio": ""
                }
            },
            "notification-url": "https://packagist.org/downloads/",
            "license": [
                "MIT"
            ],
            "authors": [
                {
                    "name": "Kevin Burke",
                    "email": "kevin@twilio.com"
                },
                {
                    "name": "Kyle Conroy",
                    "email": "kyle+pear@twilio.com"
                }
            ],
            "description": "A PHP wrapper for Twilio's API",
            "homepage": "http://github.com/twilio/twilio-php",
            "keywords": [
                "api",
                "sms",
                "twilio"
            ],
            "time": "2014-07-15 17:50:20"
        }
    ],
    "packages-dev": [],
    "aliases": [],
    "minimum-stability": "stable",
    "stability-flags": {
        "twilio/sdk": 20,
        "facebook/php-sdk": 20
    },
    "prefer-stable": false,
    "platform": [],
    "platform-dev": []
}
